
Microsoft Visual Studio Solution File, Format Version 12.00
# Visual Studio Version 17
VisualStudioVersion = 17.10.35013.160
MinimumVisualStudioVersion = 10.0.40219.1
Project("{FAE04EC0-301F-11D3-BF4B-00C04F79EFBC}") = "ModelValidationsExample", "ModelValidationsExample\ModelValidationsExample.csproj", "{EE6FAC95-581A-4CF7-A25B-48BC221006C3}"
EndProject
Global
	GlobalSection(SolutionConfigurationPlatforms) = preSolution
		Debug|Any CPU = Debug|Any CPU
		Release|Any CPU = Release|Any CPU
	EndGlobalSection
	GlobalSection(ProjectConfigurationPlatforms) = postSolution
		{EE6FAC95-581A-4CF7-A25B-48BC221006C3}.Debug|Any CPU.ActiveCfg = Debug|Any CPU
		{EE6FAC95-581A-4CF7-A25B-48BC221006C3}.Debug|Any CPU.Build.0 = Debug|Any CPU
		{EE6FAC95-581A-4CF7-A25B-48BC221006C3}.Release|Any CPU.ActiveCfg = Release|Any CPU
		{EE6FAC95-581A-4CF7-A25B-48BC221006C3}.Release|Any CPU.Build.0 = Release|Any CPU
	EndGlobalSection
	GlobalSection(SolutionProperties) = preSolution
		HideSolutionNode = FALSE
	EndGlobalSection
	GlobalSection(ExtensibilityGlobals) = postSolution
		SolutionGuid = {E04F3062-2A74-498C-9CE8-4A4AA77B8999}
	EndGlobalSection
EndGlobal
